// !$*UTF8*$!
{
	archiveVersion = 1;
	classes = {
	};
	objectVersion = 48;
	objects = {

/* Begin PBXBuildFile section */
		E92EBE451F8F27B500571E50 /* AppDelegate.swift in Sources */ = {isa = PBXBuildFile; fileRef = E92EBE441F8F27B500571E50 /* AppDelegate.swift */; };
		E92EBE471F8F27B500571E50 /* ViewController.swift in Sources */ = {isa = PBXBuildFile; fileRef = E92EBE461F8F27B500571E50 /* ViewController.swift */; };
		E92EBE4A1F8F27B500571E50 /* Main.storyboard in Resources */ = {isa = PBXBuildFile; fileRef = E92EBE481F8F27B500571E50 /* Main.storyboard */; };
		E92EBE4C1F8F27B500571E50 /* Assets.xcassets in Resources */ = {isa = PBXBuildFile; fileRef = E92EBE4B1F8F27B500571E50 /* Assets.xcassets */; };
		E92EBE4F1F8F27B500571E50 /* LaunchScreen.storyboard in Resources */ = {isa = PBXBuildFile; fileRef = E92EBE4D1F8F27B500571E50 /* LaunchScreen.storyboard */; };
/* End PBXBuildFile section */

/* Begin PBXFileReference section */
		E92EBE411F8F27B500571E50 /* EmoT.app */ = {isa = PBXFileReference; explicitFileType = wrapper.application; includeInIndex = 0; path = EmoT.app; sourceTree = BUILT_PRODUCTS_DIR; };
		E92EBE441F8F27B500571E50 /* AppDelegate.swift */ = {isa = PBXFileReference; lastKnownFileType = sourcecode.swift; path = AppDelegate.swift; sourceTree = "<group>"; };
		E92EBE461F8F27B500571E50 /* ViewController.swift */ = {isa = PBXFileReference; lastKnownFileType = sourcecode.swift; path = ViewController.swift; sourceTree = "<group>"; };
		E92EBE491F8F27B500571E50 /* Base */ = {isa = PBXFileReference; lastKnownFileType = file.storyboard; name = Base; path = Base.lproj/Main.storyboard; sourceTree = "<group>"; };
		E92EBE4B1F8F27B500571E50 /* Assets.xcassets */ = {isa = PBXFileReference; lastKnownFileType = folder.assetcatalog; path = Assets.xcassets; sourceTree = "<group>"; };
		E92EBE4E1F8F27B500571E50 /* Base */ = {isa = PBXFileReference; lastKnownFileType = file.storyboard; name = Base; path = Base.lproj/LaunchScreen.storyboard; sourceTree = "<group>"; };
		E92EBE501F8F27B500571E50 /* Info.plist */ = {isa = PBXFileReference; lastKnownFileType = text.plist.xml; path = Info.plist; sourceTree = "<group>"; };
/* End PBXFileReference section */

/* Begin PBXFrameworksBuildPhase section */
		E92EBE3E1F8F27B500571E50 /* Frameworks */ = {
			isa = PBXFrameworksBuildPhase;
			buildActionMask = 2147483647;
			files = (
			);
			runOnlyForDeploymentPostprocessing = 0;
		};
/* End PBXFrameworksBuildPhase section */

/* Begin PBXGroup section */
		E92EBE381F8F27B400571E50 = {
			isa = PBXGroup;
			children = (
				E92EBE431F8F27B500571E50 /* EmoT */,
				E92EBE421F8F27B500571E50 /* Products */,
			);
			sourceTree = "<group>";
		};
		E92EBE421F8F27B500571E50 /* Products */ = {
			isa = PBXGroup;
			children = (
				E92EBE411F8F27B500571E50 /* EmoT.app */,
			);
			name = Products;
			sourceTree = "<group>";
		};
		E92EBE431F8F27B500571E50 /* EmoT */ = {
			isa = PBXGroup;
			children = (
				E92EBE441F8F27B500571E50 /* AppDelegate.swift */,
				E92EBE461F8F27B500571E50 /* ViewController.swift */,
				E92EBE481F8F27B500571E50 /* Main.storyboard */,
				E92EBE4B1F8F27B500571E50 /* Assets.xcassets */,
				E92EBE4D1F8F27B500571E50 /* LaunchScreen.storyboard */,
				E92EBE501F8F27B500571E50 /* Info.plist */,
			);
			path = EmoT;
			sourceTree = "<group>";
		};
/* End PBXGroup section */

/* Begin PBXNativeTarget section */
		E92EBE401F8F27B500571E50 /* EmoT */ = {
			isa = PBXNativeTarget;
			buildConfigurationList = E92EBE531F8F27B500571E50 /* Build configuration list for PBXNativeTarget "EmoT" */;
			buildPhases = (
				E92EBE3D1F8F27B500571E50 /* Sources */,
				E92EBE3E1F8F27B500571E50 /* Frameworks */,
				E92EBE3F1F8F27B500571E50 /* Resources */,
			);
			buildRules = (
			);
			dependencies = (
			);
			name = EmoT;
			productName = EmoT;
			productReference = E92EBE411F8F27B500571E50 /* EmoT.app */;
			productType = "com.apple.product-type.application";
		};
/* End PBXNativeTarget section */

/* Begin PBXProject section */
		E92EBE391F8F27B400571E50 /* Project object */ = {
			isa = PBXProject;
			attributes = {
				LastSwiftUpdateCheck = 0900;
				LastUpgradeCheck = 0900;
				ORGANIZATIONNAME = "Akira Matsuda";
				TargetAttributes = {
					E92EBE401F8F27B500571E50 = {
						CreatedOnToolsVersion = 9.0;
						ProvisioningStyle = Automatic;
					};
				};
			};
			buildConfigurationList = E92EBE3C1F8F27B400571E50 /* Build configuration list for PBXProject "EmoT" */;
			compatibilityVersion = "Xcode 8.0";
			developmentRegion = en;
			hasScannedForEncodings = 0;
			knownRegions = (
				en,
				Base,
			);
			mainGroup = E92EBE381F8F27B400571E50;
			productRefGroup = E92EBE421F8F27B500571E50 /* Products */;
			projectDirPath = "";
			projectRoot = "";
			targets = (
				E92EBE401F8F27B500571E50 /* EmoT */,
			);
		};
/* End PBXProject section */

/* Begin PBXResourcesBuildPhase section */
		E92EBE3F1F8F27B500571E50 /* Resources */ = {
			isa = PBXResourcesBuildPhase;
			buildActionMask = 2147483647;
			files = (
				E92EBE4F1F8F27B500571E50 /* LaunchScreen.storyboard in Resources */,
				E92EBE4C1F8F27B500571E50 /* Assets.xcassets in Resources */,
				E92EBE4A1F8F27B500571E50 /* Main.storyboard in Resources */,
			);
			runOnlyForDeploymentPostprocessing = 0;
		};
/* End PBXResourcesBuildPhase section */

/* Begin PBXSourcesBuildPhase section */
		E92EBE3D1F8F27B500571E50 /* Sources */ = {
			isa = PBXSourcesBuildPhase;
			buildActionMask = 2147483647;
			files = (
				E92EBE471F8F27B500571E50 /* ViewController.swift in Sources */,
				E92EBE451F8F27B500571E50 /* AppDelegate.swift in Sources */,
			);
			runOnlyForDeploymentPostprocessing = 0;
		};
/* End PBXSourcesBuildPhase section */

/* Begin PBXVariantGroup section */
		E92EBE481F8F27B500571E50 /* Main.storyboard */ = {
			isa = PBXVariantGroup;
			children = (
				E92EBE491F8F27B500571E50 /* Base */,
			);
			name = Main.storyboard;
			sourceTree = "<group>";
		};
		E92EBE4D1F8F27B500571E50 /* LaunchScreen.storyboard */ = {
			isa = PBXVariantGroup;
			children = (
				E92EBE4E1F8F27B500571E50 /* Base */,
			);
			name = LaunchScreen.storyboard;
			sourceTree = "<group>";
		};
/* End PBXVariantGroup section */

/* Begin XCBuildConfiguration section */
		E92EBE511F8F27B500571E50 /* Debug */ = {
			isa = XCBuildConfiguration;
			buildSettings = {
				ALWAYS_SEARCH_USER_PATHS = NO;
				CLANG_ANALYZER_NONNULL = YES;
				CLANG_ANALYZER_NUMBER_OBJECT_CONVERSION = YES_AGGRESSIVE;
				CLANG_CXX_LANGUAGE_STANDARD = "gnu++14";
				CLANG_CXX_LIBRARY = "libc++";
				CLANG_ENABLE_MODULES = YES;
				CLANG_ENABLE_OBJC_ARC = YES;
				CLANG_WARN_BLOCK_CAPTURE_AUTORELEASING = YES;
				CLANG_WARN_BOOL_CONVERSION = YES;
				CLANG_WARN_COMMA = YES;
				CLANG_WARN_CONSTANT_CONVERSION = YES;
				CLANG_WARN_DIRECT_OBJC_ISA_USAGE = YES_ERROR;
				CLANG_WARN_DOCUMENTATION_COMMENTS = YES;
				CLANG_WARN_EMPTY_BODY = YES;
				CLANG_WARN_ENUM_CONVERSION = YES;
				CLANG_WARN_INFINITE_RECURSION = YES;
				CLANG_WARN_INT_CONVERSION = YES;
				CLANG_WARN_NON_LITERAL_NULL_CONVERSION = YES;
				CLANG_WARN_OBJC_LITERAL_CONVERSION = YES;
				CLANG_WARN_OBJC_ROOT_CLASS = YES_ERROR;
				CLANG_WARN_RANGE_LOOP_ANALYSIS = YES;
				CLANG_WARN_STRICT_PROTOTYPES = YES;
				CLANG_WARN_SUSPICIOUS_MOVE = YES;
				CLANG_WARN_UNGUARDED_AVAILABILITY = YES_AGGRESSIVE;
				CLANG_WARN_UNREACHABLE_CODE = YES;
				CLANG_WARN__DUPLICATE_METHOD_MATCH = YES;
				CODE_SIGN_IDENTITY = "iPhone Developer";
				COPY_PHASE_STRIP = NO;
				DEBUG_INFORMATION_FORMAT = dwarf;
				ENABLE_STRICT_OBJC_MSGSEND = YES;
				ENABLE_TESTABILITY = YES;
				GCC_C_LANGUAGE_STANDARD = gnu11;
				GCC_DYNAMIC_NO_PIC = NO;
				GCC_NO_COMMON_BLOCKS = YES;
				GCC_OPTIMIZATION_LEVEL = 0;
				GCC_PREPROCESSOR_DEFINITIONS = (
					"DEBUG=1",
					"$(inherited)",
				);
				GCC_WARN_64_TO_32_BIT_CONVERSION = YES;
				GCC_WARN_ABOUT_RETURN_TYPE = YES_ERROR;
				GCC_WARN_UNDECLARED_SELECTOR = YES;
				GCC_WARN_UNINITIALIZED_AUTOS = YES_AGGRESSIVE;
				GCC_WARN_UNUSED_FUNCTION = YES;
				GCC_WARN_UNUSED_VARIABLE = YES;
				IPHONEOS_DEPLOYMENT_TARGET = 11.0;
				MTL_ENABLE_DEBUG_INFO = YES;
				ONLY_ACTIVE_ARCH = YES;
				SDKROOT = iphoneos;
				SWIFT_ACTIVE_COMPILATION_CONDITIONS = DEBUG;
				SWIFT_OPTIMIZATION_LEVEL = "-Onone";
			};
			name = Debug;
		};
		E92EBE521F8F27B500571E50 /* Release */ = {
			isa = XCBuildConfiguration;
			buildSettings = {
				ALWAYS_SEARCH_USER_PATHS = NO;
				CLANG_ANALYZER_NONNULL = YES;
				CLANG_ANALYZER_NUMBER_OBJECT_CONVERSION = YES_AGGRESSIVE;
				CLANG_CXX_LANGUAGE_STANDARD = "gnu++14";
				CLANG_CXX_LIBRARY = "libc++";
				CLANG_ENABLE_MODULES = YES;
				CLANG_ENABLE_OBJC_ARC = YES;
				CLANG_WARN_BLOCK_CAPTURE_AUTORELEASING = YES;
				CLANG_WARN_BOOL_CONVERSION = YES;
				CLANG_WARN_COMMA = YES;
				CLANG_WARN_CONSTANT_CONVERSION = YES;
				CLANG_WARN_DIRECT_OBJC_ISA_USAGE = YES_ERROR;
				CLANG_WARN_DOCUMENTATION_COMMENTS = YES;
				CLANG_WARN_EMPTY_BODY = YES;
				CLANG_WARN_ENUM_CONVERSION = YES;
				CLANG_WARN_INFINITE_RECURSION = YES;
				CLANG_WARN_INT_CONVERSION = YES;
				CLANG_WARN_NON_LITERAL_NULL_CONVERSION = YES;
				CLANG_WARN_OBJC_LITERAL_CONVERSION = YES;
				CLANG_WARN_OBJC_ROOT_CLASS = YES_ERROR;
				CLANG_WARN_RANGE_LOOP_ANALYSIS = YES;
				CLANG_WARN_STRICT_PROTOTYPES = YES;
				CLANG_WARN_SUSPICIOUS_MOVE = YES;
				CLANG_WARN_UNGUARDED_AVAILABILITY = YES_AGGRESSIVE;
				CLANG_WARN_UNREACHABLE_CODE = YES;
				CLANG_WARN__DUPLICATE_METHOD_MATCH = YES;
				CODE_SIGN_IDENTITY = "iPhone Developer";
				COPY_PHASE_STRIP = NO;
				DEBUG_INFORMATION_FORMAT = "dwarf-with-dsym";
				ENABLE_NS_ASSERTIONS = NO;
				ENABLE_STRICT_OBJC_MSGSEND = YES;
				GCC_C_LANGUAGE_STANDARD = gnu11;
				GCC_NO_COMMON_BLOCKS = YES;
				GCC_WARN_64_TO_32_BIT_CONVERSION = YES;
				GCC_WARN_ABOUT_RETURN_TYPE = YES_ERROR;
				GCC_WARN_UNDECLARED_SELECTOR = YES;
				GCC_WARN_UNINITIALIZED_AUTOS = YES_AGGRESSIVE;
				GCC_WARN_UNUSED_FUNCTION = YES;
				GCC_WARN_UNUSED_VARIABLE = YES;
				IPHONEOS_DEPLOYMENT_TARGET = 11.0;
				MTL_ENABLE_DEBUG_INFO = NO;
				SDKROOT = iphoneos;
				SWIFT_OPTIMIZATION_LEVEL = "-Owholemodule";
				VALIDATE_PRODUCT = YES;
			};
			name = Release;
		};
		E92EBE541F8F27B500571E50 /* Debug */ = {
			isa = XCBuildConfiguration;
			buildSettings = {
				ASSETCATALOG_COMPILER_APPICON_NAME = AppIcon;
				CODE_SIGN_STYLE = Automatic;
				DEVELOPMENT_TEAM = 3VC35JGS33;
				INFOPLIST_FILE = EmoT/Info.plist;
				LD_RUNPATH_SEARCH_PATHS = "$(inherited) @executable_path/Frameworks";
				PRODUCT_BUNDLE_IDENTIFIER = com.akira.matsuda.EmoT;
				PRODUCT_NAME = "$(TARGET_NAME)";
				SWIFT_VERSION = 4.0;
				TARGETED_DEVICE_FAMILY = "1,2";
			};
			name = Debug;
		};
		E92EBE551F8F27B500571E50 /* Release */ = {
			isa = XCBuildConfiguration;
			buildSettings = {
				ASSETCATALOG_COMPILER_APPICON_NAME = AppIcon;
				CODE_SIGN_STYLE = Automatic;
				DEVELOPMENT_TEAM = 3VC35JGS33;
				INFOPLIST_FILE = EmoT/Info.plist;
				LD_RUNPATH_SEARCH_PATHS = "$(inherited) @executable_path/Frameworks";
				PRODUCT_BUNDLE_IDENTIFIER = com.akira.matsuda.EmoT;
				PRODUCT_NAME = "$(TARGET_NAME)";
				SWIFT_VERSION = 4.0;
				TARGETED_DEVICE_FAMILY = "1,2";
			};
			name = Release;
		};
/* End XCBuildConfiguration section */

/* Begin XCConfigurationList section */
		E92EBE3C1F8F27B400571E50 /* Build configuration list for PBXProject "EmoT" */ = {
			isa = XCConfigurationList;
			buildConfigurations = (
				E92EBE511F8F27B500571E50 /* Debug */,
				E92EBE521F8F27B500571E50 /* Release */,
			);
			defaultConfigurationIsVisible = 0;
			defaultConfigurationName = Release;
		};
		E92EBE531F8F27B500571E50 /* Build configuration list for PBXNativeTarget "EmoT" */ = {
			isa = XCConfigurationList;
			buildConfigurations = (
				E92EBE541F8F27B500571E50 /* Debug */,
				E92EBE551F8F27B500571E50 /* Release */,
			);
			defaultConfigurationIsVisible = 0;
			defaultConfigurationName = Release;
		};
/* End XCConfigurationList section */
	};
	rootObject = E92EBE391F8F27B400571E50 /* Project object */;
}
