// !$*UTF8*$!
{
	archiveVersion = 1;
	classes = {
	};
	objectVersion = 48;
	objects = {

/* Begin PBXBuildFile section */
		16EDD5059A6CE86CFD33B773 /* Pods_EmoT.framework in Frameworks */ = {isa = PBXBuildFile; fileRef = DED67FC3EDD74FC3D663F02F /* Pods_EmoT.framework */; };
		E92BB68D1FB216B6007E32DD /* MEMELib.framework in Frameworks */ = {isa = PBXBuildFile; fileRef = E92BB68B1FB21205007E32DD /* MEMELib.framework */; };
		E92BB68E1FB216B6007E32DD /* MEMELib.framework in Embed Frameworks */ = {isa = PBXBuildFile; fileRef = E92BB68B1FB21205007E32DD /* MEMELib.framework */; settings = {ATTRIBUTES = (CodeSignOnCopy, RemoveHeadersOnCopy, ); }; };
		E92EBE451F8F27B500571E50 /* AppDelegate.swift in Sources */ = {isa = PBXBuildFile; fileRef = E92EBE441F8F27B500571E50 /* AppDelegate.swift */; };
		E92EBE471F8F27B500571E50 /* ViewController.swift in Sources */ = {isa = PBXBuildFile; fileRef = E92EBE461F8F27B500571E50 /* ViewController.swift */; };
		E92EBE4A1F8F27B500571E50 /* Main.storyboard in Resources */ = {isa = PBXBuildFile; fileRef = E92EBE481F8F27B500571E50 /* Main.storyboard */; };
		E92EBE4C1F8F27B500571E50 /* Assets.xcassets in Resources */ = {isa = PBXBuildFile; fileRef = E92EBE4B1F8F27B500571E50 /* Assets.xcassets */; };
		E92EBE4F1F8F27B500571E50 /* LaunchScreen.storyboard in Resources */ = {isa = PBXBuildFile; fileRef = E92EBE4D1F8F27B500571E50 /* LaunchScreen.storyboard */; };
		E92EBE571F8F28B200571E50 /* Constant.swift in Sources */ = {isa = PBXBuildFile; fileRef = E92EBE561F8F28B200571E50 /* Constant.swift */; };
		E92EBE5F1F8F296F00571E50 /* CoreBluetooth.framework in Frameworks */ = {isa = PBXBuildFile; fileRef = E92EBE5E1F8F296F00571E50 /* CoreBluetooth.framework */; };
		E9386DD91FB9B384008EF5E8 /* Emoticon.swift in Sources */ = {isa = PBXBuildFile; fileRef = E9386DD81FB9B384008EF5E8 /* Emoticon.swift */; };
		E957E8921FB01B2800565574 /* EmoT.swift in Sources */ = {isa = PBXBuildFile; fileRef = E957E8911FB01B2800565574 /* EmoT.swift */; };
		E957E8941FB030F200565574 /* EmojiCell.swift in Sources */ = {isa = PBXBuildFile; fileRef = E957E8931FB030F200565574 /* EmojiCell.swift */; };
		E9B896FC1FB967CB00D5DA68 /* GRTiOS.framework in Frameworks */ = {isa = PBXBuildFile; fileRef = E9B896FA1FB967C300D5DA68 /* GRTiOS.framework */; };
		E9B896FD1FB967CB00D5DA68 /* GRTiOS.framework in Embed Frameworks */ = {isa = PBXBuildFile; fileRef = E9B896FA1FB967C300D5DA68 /* GRTiOS.framework */; settings = {ATTRIBUTES = (CodeSignOnCopy, RemoveHeadersOnCopy, ); }; };
		E9B897011FB969DE00D5DA68 /* TrainingViewController.swift in Sources */ = {isa = PBXBuildFile; fileRef = E9B897001FB969DE00D5DA68 /* TrainingViewController.swift */; };
		E9B897031FB96EBF00D5DA68 /* PredictionViewController.swift in Sources */ = {isa = PBXBuildFile; fileRef = E9B897021FB96EBF00D5DA68 /* PredictionViewController.swift */; };
		E9D863181FAFB2B500B46C98 /* ScanViewController.swift in Sources */ = {isa = PBXBuildFile; fileRef = E9D863171FAFB2B400B46C98 /* ScanViewController.swift */; };
/* End PBXBuildFile section */

/* Begin PBXCopyFilesBuildPhase section */
		E91819FD1FB20C50008E13E1 /* Embed Frameworks */ = {
			isa = PBXCopyFilesBuildPhase;
			buildActionMask = 2147483647;
			dstPath = "";
			dstSubfolderSpec = 10;
			files = (
				E9B896FD1FB967CB00D5DA68 /* GRTiOS.framework in Embed Frameworks */,
				E92BB68E1FB216B6007E32DD /* MEMELib.framework in Embed Frameworks */,
			);
			name = "Embed Frameworks";
			runOnlyForDeploymentPostprocessing = 0;
		};
/* End PBXCopyFilesBuildPhase section */

/* Begin PBXFileReference section */
		2DA014F5B6C6B975C59E63CD /* Pods-EmoT.release.xcconfig */ = {isa = PBXFileReference; includeInIndex = 1; lastKnownFileType = text.xcconfig; name = "Pods-EmoT.release.xcconfig"; path = "Pods/Target Support Files/Pods-EmoT/Pods-EmoT.release.xcconfig"; sourceTree = "<group>"; };
		CBF4243AD0BD7D2F47E0DF42 /* Pods-EmoT.debug.xcconfig */ = {isa = PBXFileReference; includeInIndex = 1; lastKnownFileType = text.xcconfig; name = "Pods-EmoT.debug.xcconfig"; path = "Pods/Target Support Files/Pods-EmoT/Pods-EmoT.debug.xcconfig"; sourceTree = "<group>"; };
		DED67FC3EDD74FC3D663F02F /* Pods_EmoT.framework */ = {isa = PBXFileReference; explicitFileType = wrapper.framework; includeInIndex = 0; path = Pods_EmoT.framework; sourceTree = BUILT_PRODUCTS_DIR; };
		E92BB68B1FB21205007E32DD /* MEMELib.framework */ = {isa = PBXFileReference; lastKnownFileType = wrapper.framework; name = MEMELib.framework; path = "../../../MEME/1.1.3 2/framework/universal/MEMELib.framework"; sourceTree = "<group>"; };
		E92EBE411F8F27B500571E50 /* EmoT.app */ = {isa = PBXFileReference; explicitFileType = wrapper.application; includeInIndex = 0; path = EmoT.app; sourceTree = BUILT_PRODUCTS_DIR; };
		E92EBE441F8F27B500571E50 /* AppDelegate.swift */ = {isa = PBXFileReference; lastKnownFileType = sourcecode.swift; path = AppDelegate.swift; sourceTree = "<group>"; };
		E92EBE461F8F27B500571E50 /* ViewController.swift */ = {isa = PBXFileReference; lastKnownFileType = sourcecode.swift; path = ViewController.swift; sourceTree = "<group>"; };
		E92EBE491F8F27B500571E50 /* Base */ = {isa = PBXFileReference; lastKnownFileType = file.storyboard; name = Base; path = Base.lproj/Main.storyboard; sourceTree = "<group>"; };
		E92EBE4B1F8F27B500571E50 /* Assets.xcassets */ = {isa = PBXFileReference; lastKnownFileType = folder.assetcatalog; path = Assets.xcassets; sourceTree = "<group>"; };
		E92EBE4E1F8F27B500571E50 /* Base */ = {isa = PBXFileReference; lastKnownFileType = file.storyboard; name = Base; path = Base.lproj/LaunchScreen.storyboard; sourceTree = "<group>"; };
		E92EBE501F8F27B500571E50 /* Info.plist */ = {isa = PBXFileReference; lastKnownFileType = text.plist.xml; path = Info.plist; sourceTree = "<group>"; };
		E92EBE561F8F28B200571E50 /* Constant.swift */ = {isa = PBXFileReference; lastKnownFileType = sourcecode.swift; path = Constant.swift; sourceTree = "<group>"; };
		E92EBE5E1F8F296F00571E50 /* CoreBluetooth.framework */ = {isa = PBXFileReference; lastKnownFileType = wrapper.framework; name = CoreBluetooth.framework; path = System/Library/Frameworks/CoreBluetooth.framework; sourceTree = SDKROOT; };
		E9386DD81FB9B384008EF5E8 /* Emoticon.swift */ = {isa = PBXFileReference; lastKnownFileType = sourcecode.swift; path = Emoticon.swift; sourceTree = "<group>"; };
		E957E8911FB01B2800565574 /* EmoT.swift */ = {isa = PBXFileReference; lastKnownFileType = sourcecode.swift; path = EmoT.swift; sourceTree = "<group>"; };
		E957E8931FB030F200565574 /* EmojiCell.swift */ = {isa = PBXFileReference; lastKnownFileType = sourcecode.swift; path = EmojiCell.swift; sourceTree = "<group>"; };
		E9B896FA1FB967C300D5DA68 /* GRTiOS.framework */ = {isa = PBXFileReference; lastKnownFileType = wrapper.framework; path = GRTiOS.framework; sourceTree = "<group>"; };
		E9B897001FB969DE00D5DA68 /* TrainingViewController.swift */ = {isa = PBXFileReference; lastKnownFileType = sourcecode.swift; path = TrainingViewController.swift; sourceTree = "<group>"; };
		E9B897021FB96EBF00D5DA68 /* PredictionViewController.swift */ = {isa = PBXFileReference; lastKnownFileType = sourcecode.swift; path = PredictionViewController.swift; sourceTree = "<group>"; };
		E9D863171FAFB2B400B46C98 /* ScanViewController.swift */ = {isa = PBXFileReference; fileEncoding = 4; lastKnownFileType = sourcecode.swift; path = ScanViewController.swift; sourceTree = "<group>"; };
/* End PBXFileReference section */

/* Begin PBXFrameworksBuildPhase section */
		E92EBE3E1F8F27B500571E50 /* Frameworks */ = {
			isa = PBXFrameworksBuildPhase;
			buildActionMask = 2147483647;
			files = (
				E9B896FC1FB967CB00D5DA68 /* GRTiOS.framework in Frameworks */,
				E92EBE5F1F8F296F00571E50 /* CoreBluetooth.framework in Frameworks */,
				16EDD5059A6CE86CFD33B773 /* Pods_EmoT.framework in Frameworks */,
				E92BB68D1FB216B6007E32DD /* MEMELib.framework in Frameworks */,
			);
			runOnlyForDeploymentPostprocessing = 0;
		};
/* End PBXFrameworksBuildPhase section */

/* Begin PBXGroup section */
		89A7C56ABC06BB689F542FCD /* Pods */ = {
			isa = PBXGroup;
			children = (
				CBF4243AD0BD7D2F47E0DF42 /* Pods-EmoT.debug.xcconfig */,
				2DA014F5B6C6B975C59E63CD /* Pods-EmoT.release.xcconfig */,
			);
			name = Pods;
			sourceTree = "<group>";
		};
		E92EBE381F8F27B400571E50 = {
			isa = PBXGroup;
			children = (
				E92EBE431F8F27B500571E50 /* EmoT */,
				E92EBE5B1F8F295D00571E50 /* Frameworks */,
				E92EBE421F8F27B500571E50 /* Products */,
				89A7C56ABC06BB689F542FCD /* Pods */,
			);
			sourceTree = "<group>";
		};
		E92EBE421F8F27B500571E50 /* Products */ = {
			isa = PBXGroup;
			children = (
				E92EBE411F8F27B500571E50 /* EmoT.app */,
			);
			name = Products;
			sourceTree = "<group>";
		};
		E92EBE431F8F27B500571E50 /* EmoT */ = {
			isa = PBXGroup;
			children = (
				E92EBE561F8F28B200571E50 /* Constant.swift */,
				E92EBE441F8F27B500571E50 /* AppDelegate.swift */,
				E92EBE461F8F27B500571E50 /* ViewController.swift */,
				E957E8911FB01B2800565574 /* EmoT.swift */,
				E9386DD81FB9B384008EF5E8 /* Emoticon.swift */,
				E9D863171FAFB2B400B46C98 /* ScanViewController.swift */,
				E957E8931FB030F200565574 /* EmojiCell.swift */,
				E9B897001FB969DE00D5DA68 /* TrainingViewController.swift */,
				E9B897021FB96EBF00D5DA68 /* PredictionViewController.swift */,
				E92EBE481F8F27B500571E50 /* Main.storyboard */,
				E92EBE4B1F8F27B500571E50 /* Assets.xcassets */,
				E92EBE4D1F8F27B500571E50 /* LaunchScreen.storyboard */,
				E92EBE501F8F27B500571E50 /* Info.plist */,
			);
			path = EmoT;
			sourceTree = "<group>";
		};
		E92EBE5B1F8F295D00571E50 /* Frameworks */ = {
			isa = PBXGroup;
			children = (
				E9B896FA1FB967C300D5DA68 /* GRTiOS.framework */,
				E92BB68B1FB21205007E32DD /* MEMELib.framework */,
				E92EBE5E1F8F296F00571E50 /* CoreBluetooth.framework */,
				DED67FC3EDD74FC3D663F02F /* Pods_EmoT.framework */,
			);
			name = Frameworks;
			path = EmoT/Frameworks;
			sourceTree = "<group>";
		};
/* End PBXGroup section */

/* Begin PBXNativeTarget section */
		E92EBE401F8F27B500571E50 /* EmoT */ = {
			isa = PBXNativeTarget;
			buildConfigurationList = E92EBE531F8F27B500571E50 /* Build configuration list for PBXNativeTarget "EmoT" */;
			buildPhases = (
				925E5C8BEDD27A019416FD76 /* [CP] Check Pods Manifest.lock */,
				E92EBE3D1F8F27B500571E50 /* Sources */,
				E92EBE3E1F8F27B500571E50 /* Frameworks */,
				E92EBE3F1F8F27B500571E50 /* Resources */,
				81C8731809D6B4C4F45CA141 /* [CP] Embed Pods Frameworks */,
				FE41ECC78B0571337AE93A4B /* [CP] Copy Pods Resources */,
				E91819FD1FB20C50008E13E1 /* Embed Frameworks */,
			);
			buildRules = (
			);
			dependencies = (
			);
			name = EmoT;
			productName = EmoT;
			productReference = E92EBE411F8F27B500571E50 /* EmoT.app */;
			productType = "com.apple.product-type.application";
		};
/* End PBXNativeTarget section */

/* Begin PBXProject section */
		E92EBE391F8F27B400571E50 /* Project object */ = {
			isa = PBXProject;
			attributes = {
				LastSwiftUpdateCheck = 0900;
				LastUpgradeCheck = 0900;
				ORGANIZATIONNAME = "Akira Matsuda";
				TargetAttributes = {
					E92EBE401F8F27B500571E50 = {
						CreatedOnToolsVersion = 9.0;
						ProvisioningStyle = Automatic;
						SystemCapabilities = {
							com.apple.BackgroundModes = {
								enabled = 1;
							};
						};
					};
				};
			};
			buildConfigurationList = E92EBE3C1F8F27B400571E50 /* Build configuration list for PBXProject "EmoT" */;
			compatibilityVersion = "Xcode 8.0";
			developmentRegion = en;
			hasScannedForEncodings = 0;
			knownRegions = (
				en,
				Base,
			);
			mainGroup = E92EBE381F8F27B400571E50;
			productRefGroup = E92EBE421F8F27B500571E50 /* Products */;
			projectDirPath = "";
			projectRoot = "";
			targets = (
				E92EBE401F8F27B500571E50 /* EmoT */,
			);
		};
/* End PBXProject section */

/* Begin PBXResourcesBuildPhase section */
		E92EBE3F1F8F27B500571E50 /* Resources */ = {
			isa = PBXResourcesBuildPhase;
			buildActionMask = 2147483647;
			files = (
				E92EBE4F1F8F27B500571E50 /* LaunchScreen.storyboard in Resources */,
				E92EBE4C1F8F27B500571E50 /* Assets.xcassets in Resources */,
				E92EBE4A1F8F27B500571E50 /* Main.storyboard in Resources */,
			);
			runOnlyForDeploymentPostprocessing = 0;
		};
/* End PBXResourcesBuildPhase section */

/* Begin PBXShellScriptBuildPhase section */
		81C8731809D6B4C4F45CA141 /* [CP] Embed Pods Frameworks */ = {
			isa = PBXShellScriptBuildPhase;
			buildActionMask = 2147483647;
			files = (
			);
			inputPaths = (
				"${SRCROOT}/Pods/Target Support Files/Pods-EmoT/Pods-EmoT-frameworks.sh",
				"${BUILT_PRODUCTS_DIR}/JGProgressHUD/JGProgressHUD.framework",
			);
			name = "[CP] Embed Pods Frameworks";
			outputPaths = (
				"${TARGET_BUILD_DIR}/${FRAMEWORKS_FOLDER_PATH}/JGProgressHUD.framework",
			);
			runOnlyForDeploymentPostprocessing = 0;
			shellPath = /bin/sh;
			shellScript = "\"${SRCROOT}/Pods/Target Support Files/Pods-EmoT/Pods-EmoT-frameworks.sh\"\n";
			showEnvVarsInLog = 0;
		};
		925E5C8BEDD27A019416FD76 /* [CP] Check Pods Manifest.lock */ = {
			isa = PBXShellScriptBuildPhase;
			buildActionMask = 2147483647;
			files = (
			);
			inputPaths = (
				"${PODS_PODFILE_DIR_PATH}/Podfile.lock",
				"${PODS_ROOT}/Manifest.lock",
			);
			name = "[CP] Check Pods Manifest.lock";
			outputPaths = (
				"$(DERIVED_FILE_DIR)/Pods-EmoT-checkManifestLockResult.txt",
			);
			runOnlyForDeploymentPostprocessing = 0;
			shellPath = /bin/sh;
			shellScript = "diff \"${PODS_PODFILE_DIR_PATH}/Podfile.lock\" \"${PODS_ROOT}/Manifest.lock\" > /dev/null\nif [ $? != 0 ] ; then\n    # print error to STDERR\n    echo \"error: The sandbox is not in sync with the Podfile.lock. Run 'pod install' or update your CocoaPods installation.\" >&2\n    exit 1\nfi\n# This output is used by Xcode 'outputs' to avoid re-running this script phase.\necho \"SUCCESS\" > \"${SCRIPT_OUTPUT_FILE_0}\"\n";
			showEnvVarsInLog = 0;
		};
		FE41ECC78B0571337AE93A4B /* [CP] Copy Pods Resources */ = {
			isa = PBXShellScriptBuildPhase;
			buildActionMask = 2147483647;
			files = (
			);
			inputPaths = (
			);
			name = "[CP] Copy Pods Resources";
			outputPaths = (
			);
			runOnlyForDeploymentPostprocessing = 0;
			shellPath = /bin/sh;
			shellScript = "\"${SRCROOT}/Pods/Target Support Files/Pods-EmoT/Pods-EmoT-resources.sh\"\n";
			showEnvVarsInLog = 0;
		};
/* End PBXShellScriptBuildPhase section */

/* Begin PBXSourcesBuildPhase section */
		E92EBE3D1F8F27B500571E50 /* Sources */ = {
			isa = PBXSourcesBuildPhase;
			buildActionMask = 2147483647;
			files = (
				E957E8941FB030F200565574 /* EmojiCell.swift in Sources */,
				E9B897031FB96EBF00D5DA68 /* PredictionViewController.swift in Sources */,
				E957E8921FB01B2800565574 /* EmoT.swift in Sources */,
				E92EBE471F8F27B500571E50 /* ViewController.swift in Sources */,
				E9386DD91FB9B384008EF5E8 /* Emoticon.swift in Sources */,
				E9B897011FB969DE00D5DA68 /* TrainingViewController.swift in Sources */,
				E92EBE451F8F27B500571E50 /* AppDelegate.swift in Sources */,
				E92EBE571F8F28B200571E50 /* Constant.swift in Sources */,
				E9D863181FAFB2B500B46C98 /* ScanViewController.swift in Sources */,
			);
			runOnlyForDeploymentPostprocessing = 0;
		};
/* End PBXSourcesBuildPhase section */

/* Begin PBXVariantGroup section */
		E92EBE481F8F27B500571E50 /* Main.storyboard */ = {
			isa = PBXVariantGroup;
			children = (
				E92EBE491F8F27B500571E50 /* Base */,
			);
			name = Main.storyboard;
			sourceTree = "<group>";
		};
		E92EBE4D1F8F27B500571E50 /* LaunchScreen.storyboard */ = {
			isa = PBXVariantGroup;
			children = (
				E92EBE4E1F8F27B500571E50 /* Base */,
			);
			name = LaunchScreen.storyboard;
			sourceTree = "<group>";
		};
/* End PBXVariantGroup section */

/* Begin XCBuildConfiguration section */
		E92EBE511F8F27B500571E50 /* Debug */ = {
			isa = XCBuildConfiguration;
			buildSettings = {
				ALWAYS_SEARCH_USER_PATHS = NO;
				CLANG_ANALYZER_NONNULL = YES;
				CLANG_ANALYZER_NUMBER_OBJECT_CONVERSION = YES_AGGRESSIVE;
				CLANG_CXX_LANGUAGE_STANDARD = "gnu++14";
				CLANG_CXX_LIBRARY = "libc++";
				CLANG_ENABLE_MODULES = YES;
				CLANG_ENABLE_OBJC_ARC = YES;
				CLANG_WARN_BLOCK_CAPTURE_AUTORELEASING = YES;
				CLANG_WARN_BOOL_CONVERSION = YES;
				CLANG_WARN_COMMA = YES;
				CLANG_WARN_CONSTANT_CONVERSION = YES;
				CLANG_WARN_DIRECT_OBJC_ISA_USAGE = YES_ERROR;
				CLANG_WARN_DOCUMENTATION_COMMENTS = YES;
				CLANG_WARN_EMPTY_BODY = YES;
				CLANG_WARN_ENUM_CONVERSION = YES;
				CLANG_WARN_INFINITE_RECURSION = YES;
				CLANG_WARN_INT_CONVERSION = YES;
				CLANG_WARN_NON_LITERAL_NULL_CONVERSION = YES;
				CLANG_WARN_OBJC_LITERAL_CONVERSION = YES;
				CLANG_WARN_OBJC_ROOT_CLASS = YES_ERROR;
				CLANG_WARN_RANGE_LOOP_ANALYSIS = YES;
				CLANG_WARN_STRICT_PROTOTYPES = YES;
				CLANG_WARN_SUSPICIOUS_MOVE = YES;
				CLANG_WARN_UNGUARDED_AVAILABILITY = YES_AGGRESSIVE;
				CLANG_WARN_UNREACHABLE_CODE = YES;
				CLANG_WARN__DUPLICATE_METHOD_MATCH = YES;
				CODE_SIGN_IDENTITY = "iPhone Developer";
				COPY_PHASE_STRIP = NO;
				DEBUG_INFORMATION_FORMAT = dwarf;
				ENABLE_STRICT_OBJC_MSGSEND = YES;
				ENABLE_TESTABILITY = YES;
				GCC_C_LANGUAGE_STANDARD = gnu11;
				GCC_DYNAMIC_NO_PIC = NO;
				GCC_NO_COMMON_BLOCKS = YES;
				GCC_OPTIMIZATION_LEVEL = 0;
				GCC_PREPROCESSOR_DEFINITIONS = (
					"DEBUG=1",
					"$(inherited)",
				);
				GCC_WARN_64_TO_32_BIT_CONVERSION = YES;
				GCC_WARN_ABOUT_RETURN_TYPE = YES_ERROR;
				GCC_WARN_UNDECLARED_SELECTOR = YES;
				GCC_WARN_UNINITIALIZED_AUTOS = YES_AGGRESSIVE;
				GCC_WARN_UNUSED_FUNCTION = YES;
				GCC_WARN_UNUSED_VARIABLE = YES;
				IPHONEOS_DEPLOYMENT_TARGET = 11.0;
				MTL_ENABLE_DEBUG_INFO = YES;
				ONLY_ACTIVE_ARCH = YES;
				SDKROOT = iphoneos;
				SWIFT_ACTIVE_COMPILATION_CONDITIONS = DEBUG;
				SWIFT_OPTIMIZATION_LEVEL = "-Onone";
			};
			name = Debug;
		};
		E92EBE521F8F27B500571E50 /* Release */ = {
			isa = XCBuildConfiguration;
			buildSettings = {
				ALWAYS_SEARCH_USER_PATHS = NO;
				CLANG_ANALYZER_NONNULL = YES;
				CLANG_ANALYZER_NUMBER_OBJECT_CONVERSION = YES_AGGRESSIVE;
				CLANG_CXX_LANGUAGE_STANDARD = "gnu++14";
				CLANG_CXX_LIBRARY = "libc++";
				CLANG_ENABLE_MODULES = YES;
				CLANG_ENABLE_OBJC_ARC = YES;
				CLANG_WARN_BLOCK_CAPTURE_AUTORELEASING = YES;
				CLANG_WARN_BOOL_CONVERSION = YES;
				CLANG_WARN_COMMA = YES;
				CLANG_WARN_CONSTANT_CONVERSION = YES;
				CLANG_WARN_DIRECT_OBJC_ISA_USAGE = YES_ERROR;
				CLANG_WARN_DOCUMENTATION_COMMENTS = YES;
				CLANG_WARN_EMPTY_BODY = YES;
				CLANG_WARN_ENUM_CONVERSION = YES;
				CLANG_WARN_INFINITE_RECURSION = YES;
				CLANG_WARN_INT_CONVERSION = YES;
				CLANG_WARN_NON_LITERAL_NULL_CONVERSION = YES;
				CLANG_WARN_OBJC_LITERAL_CONVERSION = YES;
				CLANG_WARN_OBJC_ROOT_CLASS = YES_ERROR;
				CLANG_WARN_RANGE_LOOP_ANALYSIS = YES;
				CLANG_WARN_STRICT_PROTOTYPES = YES;
				CLANG_WARN_SUSPICIOUS_MOVE = YES;
				CLANG_WARN_UNGUARDED_AVAILABILITY = YES_AGGRESSIVE;
				CLANG_WARN_UNREACHABLE_CODE = YES;
				CLANG_WARN__DUPLICATE_METHOD_MATCH = YES;
				CODE_SIGN_IDENTITY = "iPhone Developer";
				COPY_PHASE_STRIP = NO;
				DEBUG_INFORMATION_FORMAT = "dwarf-with-dsym";
				ENABLE_NS_ASSERTIONS = NO;
				ENABLE_STRICT_OBJC_MSGSEND = YES;
				GCC_C_LANGUAGE_STANDARD = gnu11;
				GCC_NO_COMMON_BLOCKS = YES;
				GCC_WARN_64_TO_32_BIT_CONVERSION = YES;
				GCC_WARN_ABOUT_RETURN_TYPE = YES_ERROR;
				GCC_WARN_UNDECLARED_SELECTOR = YES;
				GCC_WARN_UNINITIALIZED_AUTOS = YES_AGGRESSIVE;
				GCC_WARN_UNUSED_FUNCTION = YES;
				GCC_WARN_UNUSED_VARIABLE = YES;
				IPHONEOS_DEPLOYMENT_TARGET = 11.0;
				MTL_ENABLE_DEBUG_INFO = NO;
				SDKROOT = iphoneos;
				SWIFT_OPTIMIZATION_LEVEL = "-Owholemodule";
				VALIDATE_PRODUCT = YES;
			};
			name = Release;
		};
		E92EBE541F8F27B500571E50 /* Debug */ = {
			isa = XCBuildConfiguration;
			baseConfigurationReference = CBF4243AD0BD7D2F47E0DF42 /* Pods-EmoT.debug.xcconfig */;
			buildSettings = {
				ASSETCATALOG_COMPILER_APPICON_NAME = AppIcon;
				CODE_SIGN_STYLE = Automatic;
				DEVELOPMENT_TEAM = 3VC35JGS33;
				ENABLE_BITCODE = NO;
				FRAMEWORK_SEARCH_PATHS = (
					"$(inherited)",
					"$(PROJECT_DIR)/EmoT/Frameworks",
				);
				INFOPLIST_FILE = EmoT/Info.plist;
				LD_RUNPATH_SEARCH_PATHS = "$(inherited) @executable_path/Frameworks";
				PRODUCT_BUNDLE_IDENTIFIER = com.akira.matsuda.EmoT;
				PRODUCT_NAME = "$(TARGET_NAME)";
				SWIFT_VERSION = 4.0;
				TARGETED_DEVICE_FAMILY = "1,2";
			};
			name = Debug;
		};
		E92EBE551F8F27B500571E50 /* Release */ = {
			isa = XCBuildConfiguration;
			baseConfigurationReference = 2DA014F5B6C6B975C59E63CD /* Pods-EmoT.release.xcconfig */;
			buildSettings = {
				ASSETCATALOG_COMPILER_APPICON_NAME = AppIcon;
				CODE_SIGN_STYLE = Automatic;
				DEVELOPMENT_TEAM = 3VC35JGS33;
				ENABLE_BITCODE = NO;
				FRAMEWORK_SEARCH_PATHS = (
					"$(inherited)",
					"$(PROJECT_DIR)/EmoT/Frameworks",
				);
				INFOPLIST_FILE = EmoT/Info.plist;
				LD_RUNPATH_SEARCH_PATHS = "$(inherited) @executable_path/Frameworks";
				PRODUCT_BUNDLE_IDENTIFIER = com.akira.matsuda.EmoT;
				PRODUCT_NAME = "$(TARGET_NAME)";
				SWIFT_VERSION = 4.0;
				TARGETED_DEVICE_FAMILY = "1,2";
			};
			name = Release;
		};
/* End XCBuildConfiguration section */

/* Begin XCConfigurationList section */
		E92EBE3C1F8F27B400571E50 /* Build configuration list for PBXProject "EmoT" */ = {
			isa = XCConfigurationList;
			buildConfigurations = (
				E92EBE511F8F27B500571E50 /* Debug */,
				E92EBE521F8F27B500571E50 /* Release */,
			);
			defaultConfigurationIsVisible = 0;
			defaultConfigurationName = Release;
		};
		E92EBE531F8F27B500571E50 /* Build configuration list for PBXNativeTarget "EmoT" */ = {
			isa = XCConfigurationList;
			buildConfigurations = (
				E92EBE541F8F27B500571E50 /* Debug */,
				E92EBE551F8F27B500571E50 /* Release */,
			);
			defaultConfigurationIsVisible = 0;
			defaultConfigurationName = Release;
		};
/* End XCConfigurationList section */
	};
	rootObject = E92EBE391F8F27B400571E50 /* Project object */;
}
